
Microsoft Visual Studio Solution File, Format Version 12.00
# Visual Studio Version 17
VisualStudioVersion = 17.0.31903.59
MinimumVisualStudioVersion = 10.0.40219.1
Project("{2150E333-8FDC-42A3-9474-1A3956D46DE8}") = "Source", "Source", "{CC145721-61EC-43AA-9527-3F943DF18239}"
EndProject
Project("{FAE04EC0-301F-11D3-BF4B-00C04F79EFBC}") = "CleanArchitectureAssistant", "Source\CleanArchitectureAssistant\CleanArchitectureAssistant.csproj", "{46C99ACF-456D-495F-AC3A-4C4A48E7952A}"
EndProject
Global
	GlobalSection(SolutionConfigurationPlatforms) = preSolution
		Debug|Any CPU = Debug|Any CPU
		Debug|arm64 = Debug|arm64
		Debug|x86 = Debug|x86
		Release|Any CPU = Release|Any CPU
		Release|arm64 = Release|arm64
		Release|x86 = Release|x86
	EndGlobalSection
	GlobalSection(ProjectConfigurationPlatforms) = postSolution
		{46C99ACF-456D-495F-AC3A-4C4A48E7952A}.Debug|Any CPU.ActiveCfg = Debug|Any CPU
		{46C99ACF-456D-495F-AC3A-4C4A48E7952A}.Debug|Any CPU.Build.0 = Debug|Any CPU
		{46C99ACF-456D-495F-AC3A-4C4A48E7952A}.Debug|arm64.ActiveCfg = Debug|arm64
		{46C99ACF-456D-495F-AC3A-4C4A48E7952A}.Debug|arm64.Build.0 = Debug|arm64
		{46C99ACF-456D-495F-AC3A-4C4A48E7952A}.Debug|x86.ActiveCfg = Debug|x86
		{46C99ACF-456D-495F-AC3A-4C4A48E7952A}.Debug|x86.Build.0 = Debug|x86
		{46C99ACF-456D-495F-AC3A-4C4A48E7952A}.Release|Any CPU.ActiveCfg = Release|Any CPU
		{46C99ACF-456D-495F-AC3A-4C4A48E7952A}.Release|Any CPU.Build.0 = Release|Any CPU
		{46C99ACF-456D-495F-AC3A-4C4A48E7952A}.Release|arm64.ActiveCfg = Release|arm64
		{46C99ACF-456D-495F-AC3A-4C4A48E7952A}.Release|arm64.Build.0 = Release|arm64
		{46C99ACF-456D-495F-AC3A-4C4A48E7952A}.Release|x86.ActiveCfg = Release|x86
		{46C99ACF-456D-495F-AC3A-4C4A48E7952A}.Release|x86.Build.0 = Release|x86
	EndGlobalSection
	GlobalSection(SolutionProperties) = preSolution
		HideSolutionNode = FALSE
	EndGlobalSection
	GlobalSection(NestedProjects) = preSolution
		{46C99ACF-456D-495F-AC3A-4C4A48E7952A} = {CC145721-61EC-43AA-9527-3F943DF18239}
	EndGlobalSection
	GlobalSection(ExtensibilityGlobals) = postSolution
		SolutionGuid = {35063093-1512-4142-BFB3-7728B2E33916}
	EndGlobalSection
EndGlobal
